
Microsoft Visual Studio Solution File, Format Version 12.00
# Visual Studio Version 16
VisualStudioVersion = 16.0.28922.388
MinimumVisualStudioVersion = 10.0.40219.1
Project("{FAE04EC0-301F-11D3-BF4B-00C04F79EFBC}") = "YonkerHN", "YonkerHN\YonkerHN.csproj", "{727B4D28-4A15-4673-97F2-D759543D1A81}"
EndProject
Global
	GlobalSection(SolutionConfigurationPlatforms) = preSolution
		Debug|Any CPU = Debug|Any CPU
		Release|Any CPU = Release|Any CPU
	EndGlobalSection
	GlobalSection(ProjectConfigurationPlatforms) = postSolution
		{727B4D28-4A15-4673-97F2-D759543D1A81}.Debug|Any CPU.ActiveCfg = Debug|Any CPU
		{727B4D28-4A15-4673-97F2-D759543D1A81}.Debug|Any CPU.Build.0 = Debug|Any CPU
		{727B4D28-4A15-4673-97F2-D759543D1A81}.Release|Any CPU.ActiveCfg = Release|Any CPU
		{727B4D28-4A15-4673-97F2-D759543D1A81}.Release|Any CPU.Build.0 = Release|Any CPU
	EndGlobalSection
	GlobalSection(SolutionProperties) = preSolution
		HideSolutionNode = FALSE
	EndGlobalSection
	GlobalSection(ExtensibilityGlobals) = postSolution
		SolutionGuid = {BCB2DFF2-E374-4531-B8A4-FB92D77D9E73}
	EndGlobalSection
EndGlobal
